
Microsoft Visual Studio Solution File, Format Version 12.00
# Visual Studio Version 16
VisualStudioVersion = 16.0.31702.278
MinimumVisualStudioVersion = 10.0.40219.1
Project("{888888A0-9F3D-457C-B088-3A5042F75D52}") = "TumanovaBottle", "TumanovaBottle.pyproj", "{4FE29BA0-CF82-47EA-8AC7-785BFF6F6B33}"
EndProject
Global
	GlobalSection(SolutionConfigurationPlatforms) = preSolution
		Debug|Any CPU = Debug|Any CPU
		Release|Any CPU = Release|Any CPU
	EndGlobalSection
	GlobalSection(ProjectConfigurationPlatforms) = postSolution
		{4FE29BA0-CF82-47EA-8AC7-785BFF6F6B33}.Debug|Any CPU.ActiveCfg = Debug|Any CPU
		{4FE29BA0-CF82-47EA-8AC7-785BFF6F6B33}.Debug|Any CPU.Build.0 = Debug|Any CPU
		{4FE29BA0-CF82-47EA-8AC7-785BFF6F6B33}.Release|Any CPU.ActiveCfg = Release|Any CPU
		{4FE29BA0-CF82-47EA-8AC7-785BFF6F6B33}.Release|Any CPU.Build.0 = Release|Any CPU
	EndGlobalSection
	GlobalSection(SolutionProperties) = preSolution
		HideSolutionNode = FALSE
	EndGlobalSection
	GlobalSection(ExtensibilityGlobals) = postSolution
		SolutionGuid = {AFBBE9B9-3A77-485D-846D-76CB2CCD470F}
	EndGlobalSection
EndGlobal
